
Microsoft Visual Studio Solution File, Format Version 12.00
# Visual Studio Version 16
VisualStudioVersion = 16.0.29509.3
MinimumVisualStudioVersion = 10.0.40219.1
Project("{FAE04EC0-301F-11D3-BF4B-00C04F79EFBC}") = "WeebQuizer_server_remote", "WeebQuizer_server_remote\WeebQuizer_server_remote.csproj", "{A0663B62-4025-49D1-A632-54479170196E}"
EndProject
Global
	GlobalSection(SolutionConfigurationPlatforms) = preSolution
		Debug|Any CPU = Debug|Any CPU
		Release|Any CPU = Release|Any CPU
	EndGlobalSection
	GlobalSection(ProjectConfigurationPlatforms) = postSolution
		{A0663B62-4025-49D1-A632-54479170196E}.Debug|Any CPU.ActiveCfg = Debug|Any CPU
		{A0663B62-4025-49D1-A632-54479170196E}.Debug|Any CPU.Build.0 = Debug|Any CPU
		{A0663B62-4025-49D1-A632-54479170196E}.Release|Any CPU.ActiveCfg = Release|Any CPU
		{A0663B62-4025-49D1-A632-54479170196E}.Release|Any CPU.Build.0 = Release|Any CPU
	EndGlobalSection
	GlobalSection(SolutionProperties) = preSolution
		HideSolutionNode = FALSE
	EndGlobalSection
	GlobalSection(ExtensibilityGlobals) = postSolution
		SolutionGuid = {85460E4A-38C9-4361-9090-6EFD3E5327B0}
	EndGlobalSection
EndGlobal
